# THIS IS AN AUTOGENERATED FILE. DO NOT EDIT THIS FILE DIRECTLY.
# yarn lockfile v1


"@angular/material@>=8.2.0":
  version "10.2.1"
  resolved "https://registry.yarnpkg.com/@angular/material/-/material-10.2.1.tgz#d402d157edfe39963c917095a51ab26c6071dfa2"
  integrity sha512-TSfjW4w3orzDtTstNcNR2zsfNcO/R7NNmDMQ11LO6+EfnbNF2yktsMS3FZl811GX6dXEE+R/GCdDgCnlvqv9Mw==
  dependencies:
    tslib "^2.0.0"

"@brightlayer-ui/colors@^3.0.0":
  version "3.0.1"
  resolved "https://registry.yarnpkg.com/@brightlayer-ui/colors/-/colors-3.0.1.tgz#f085acf6b6b4266a01798c78bc25841d15e44b3e"
  integrity sha512-AE9F6FN1EQWMoqFTak6q8MN3wg9et2u2SUs6HjYhcS3GVSHjMWVSsuJZ2aD5Lu9409Gfi6pBHDWsJZ5PyeLsdQ==
  dependencies:
    "@brightlayer-ui/types" "^2.0.0"

"@brightlayer-ui/prettier-config@^1.0.2":
  version "1.0.3"
  resolved "https://registry.yarnpkg.com/@brightlayer-ui/prettier-config/-/prettier-config-1.0.3.tgz#e40a7ae7435c6fd5118acbf249080e0aa81e93af"
  integrity sha512-EYm3+V7Qd+oYEF+8FadsXAZqXryEHHbGnrV1BMp9selhABjceqUqXPVE4Sn3SKWQdBNJ3En2A3EzgrzRbvRTaw==

"@brightlayer-ui/types@^2.0.0":
  version "2.0.0"
  resolved "https://registry.yarnpkg.com/@brightlayer-ui/types/-/types-2.0.0.tgz#d8adc0cdb96c164943adbad6e74043128a8b4112"
  integrity sha512-DTCVwND6YC9qrkQl7pkFlN6QxDReJHtjuAiFU9HkXJN368vlw+fzHQ5/j4sB1sZl2eNwOgccv5ecl2XrlolOCw==

"@fontsource/open-sans@^4.1.0":
  version "4.1.0"
  resolved "https://registry.yarnpkg.com/@fontsource/open-sans/-/open-sans-4.1.0.tgz#d44b4495bd23d78018675e4e79973894e393c0ed"
  integrity sha512-sWDAAr6ESHJdBKXse6njvZem4sTZLILkugaEfAvpdFiaKBh2RnXTa4DJllDh5LzP0MLMUrfj/JAjMbKxWFo6pQ==

prettier@^2.0.4:
  version "2.1.2"
  resolved "https://registry.yarnpkg.com/prettier/-/prettier-2.1.2.tgz#3050700dae2e4c8b67c4c3f666cdb8af405e1ce5"
  integrity sha512-16c7K+x4qVlJg9rEbXl7HEGmQyZlG4R9AgP+oHKRMsMsuk8s+ATStlf1NpDqyBI1HpVyfjLOeMhH2LvuNvV5Vg==

tslib@^2.0.0:
  version "2.0.1"
  resolved "https://registry.yarnpkg.com/tslib/-/tslib-2.0.1.tgz#410eb0d113e5b6356490eec749603725b021b43e"
  integrity sha512-SgIkNheinmEBgx1IUNirK0TUD4X9yjjBRTqqjggWCU3pUEqIk3/Uwl3yRixYKT6WjQuGiwDv4NomL3wqRCj+CQ==
