# THIS IS AN AUTOGENERATED FILE. DO NOT EDIT THIS FILE DIRECTLY.
# yarn lockfile v1


"@angular/material@>=8.2.0":
  version "10.2.1"
  resolved "https://registry.yarnpkg.com/@angular/material/-/material-10.2.1.tgz#d402d157edfe39963c917095a51ab26c6071dfa2"
  integrity sha512-TSfjW4w3orzDtTstNcNR2zsfNcO/R7NNmDMQ11LO6+EfnbNF2yktsMS3FZl811GX6dXEE+R/GCdDgCnlvqv9Mw==
  dependencies:
    tslib "^2.0.0"

"@fontsource/open-sans@^4.1.0":
  version "4.1.0"
  resolved "https://registry.yarnpkg.com/@fontsource/open-sans/-/open-sans-4.1.0.tgz#d44b4495bd23d78018675e4e79973894e393c0ed"
  integrity sha512-sWDAAr6ESHJdBKXse6njvZem4sTZLILkugaEfAvpdFiaKBh2RnXTa4DJllDh5LzP0MLMUrfj/JAjMbKxWFo6pQ==

"@pxblue/colors@^3.0.0":
  version "3.0.0"
  resolved "https://registry.yarnpkg.com/@pxblue/colors/-/colors-3.0.0.tgz#080fb5cfd5a08fea018ece7cac8022ed38f7878f"
  integrity sha512-rMFW4an1V9M5KX4BiNzrbbaYe2fic4o9iGL8/bPYvITbeiwgAapyFX0VbMIoo8XKlIbNaxyn7oWnrxzI/tp8Rw==
  dependencies:
    "@pxblue/types" "^2.0.0"

"@pxblue/prettier-config@^1.0.2":
  version "1.0.2"
  resolved "https://registry.yarnpkg.com/@pxblue/prettier-config/-/prettier-config-1.0.2.tgz#fb00503df6557b66c3d91d43c9101e614c35d2ec"
  integrity sha512-/3cLBoTjZs3kV1ATPA/Sp0tsL7XmlV/b8HW/qt0jqR/uP5+cdXL2YIhMXQngLRa7PhpSkEiRIYK5sl0rKsXTUg==

"@pxblue/types@^2.0.0":
  version "2.0.0"
  resolved "https://registry.yarnpkg.com/@pxblue/types/-/types-2.0.0.tgz#3df970352aca5256974a10a97d75a2264bad1eba"
  integrity sha512-rHABCqYALGjrDxdCfw/v4mFsHhE9y9+vdSD3VHfIzA3HY1g1Bp/VWwEuEXWbtj2H5n75D+jkMQZ0rTqSKY3vLw==

prettier@^2.0.4:
  version "2.1.2"
  resolved "https://registry.yarnpkg.com/prettier/-/prettier-2.1.2.tgz#3050700dae2e4c8b67c4c3f666cdb8af405e1ce5"
  integrity sha512-16c7K+x4qVlJg9rEbXl7HEGmQyZlG4R9AgP+oHKRMsMsuk8s+ATStlf1NpDqyBI1HpVyfjLOeMhH2LvuNvV5Vg==

tslib@^2.0.0:
  version "2.0.1"
  resolved "https://registry.yarnpkg.com/tslib/-/tslib-2.0.1.tgz#410eb0d113e5b6356490eec749603725b021b43e"
  integrity sha512-SgIkNheinmEBgx1IUNirK0TUD4X9yjjBRTqqjggWCU3pUEqIk3/Uwl3yRixYKT6WjQuGiwDv4NomL3wqRCj+CQ==
